
Microsoft Visual Studio Solution File, Format Version 12.00
# Visual Studio Version 17
VisualStudioVersion = 17.13.35825.156 d17.13
MinimumVisualStudioVersion = 10.0.40219.1
Project("{FAE04EC0-301F-11D3-BF4B-00C04F79EFBC}") = "ProjectTest", "ProjectTest\ProjectTest.csproj", "{549868EC-D5BF-40C0-B836-AEDA2D74E559}"
EndProject
Global
	GlobalSection(SolutionConfigurationPlatforms) = preSolution
		Debug|Any CPU = Debug|Any CPU
		Release|Any CPU = Release|Any CPU
	EndGlobalSection
	GlobalSection(ProjectConfigurationPlatforms) = postSolution
		{549868EC-D5BF-40C0-B836-AEDA2D74E559}.Debug|Any CPU.ActiveCfg = Debug|Any CPU
		{549868EC-D5BF-40C0-B836-AEDA2D74E559}.Debug|Any CPU.Build.0 = Debug|Any CPU
		{549868EC-D5BF-40C0-B836-AEDA2D74E559}.Release|Any CPU.ActiveCfg = Release|Any CPU
		{549868EC-D5BF-40C0-B836-AEDA2D74E559}.Release|Any CPU.Build.0 = Release|Any CPU
	EndGlobalSection
	GlobalSection(SolutionProperties) = preSolution
		HideSolutionNode = FALSE
	EndGlobalSection
	GlobalSection(ExtensibilityGlobals) = postSolution
		SolutionGuid = {6808CCEF-3ABA-4642-9D40-708CBDD0A880}
	EndGlobalSection
EndGlobal
